
Microsoft Visual Studio Solution File, Format Version 12.00
# Visual Studio Version 17
VisualStudioVersion = 17.14.36310.24
MinimumVisualStudioVersion = 10.0.40219.1
Project("{2150E333-8FDC-42A3-9474-1A3956D46DE8}") = "global", "global", "{02EA681E-C7D8-13C7-8484-4AC65E1B71E8}"
	ProjectSection(SolutionItems) = preProject
		.gitignore = .gitignore
		LICENSE.txt = LICENSE.txt
		README.md = README.md
	EndProjectSection
EndProject
Project("{2150E333-8FDC-42A3-9474-1A3956D46DE8}") = "src", "src", "{C42DD4B4-CFB7-472A-BA76-77D57CC1CFDE}"
EndProject
Project("{FAE04EC0-301F-11D3-BF4B-00C04F79EFBC}") = "Servy.Service", "src\Servy.Service\Servy.Service.csproj", "{C41E0E90-CFF6-4DFA-A042-59E4B31198A2}"
EndProject
Project("{FAE04EC0-301F-11D3-BF4B-00C04F79EFBC}") = "Servy.Core", "src\Servy.Core\Servy.Core.csproj", "{4D92FA0D-47BB-4658-91CD-774A25ADEB87}"
EndProject
Project("{FAE04EC0-301F-11D3-BF4B-00C04F79EFBC}") = "Servy", "src\Servy\Servy.csproj", "{62C15840-EA09-4150-84BC-E14F0E703A68}"
EndProject
Project("{2150E333-8FDC-42A3-9474-1A3956D46DE8}") = ".github", ".github", "{0E71A643-AAB0-4C79-8B8D-B1F531A46F93}"
	ProjectSection(SolutionItems) = preProject
		.github\azure-pipelines.yml = .github\azure-pipelines.yml
	EndProjectSection
EndProject
Project("{2150E333-8FDC-42A3-9474-1A3956D46DE8}") = "workflows", "workflows", "{F547C573-380C-4BD2-B324-B9572297A027}"
	ProjectSection(SolutionItems) = preProject
		.github\workflows\loc.yml = .github\workflows\loc.yml
	EndProjectSection
EndProject
Project("{FAE04EC0-301F-11D3-BF4B-00C04F79EFBC}") = "Servy.Restarter", "src\Servy.Restarter\Servy.Restarter.csproj", "{94474821-4D14-44DA-85B4-34BA0A77EF8F}"
EndProject
Project("{2150E333-8FDC-42A3-9474-1A3956D46DE8}") = "tests", "tests", "{A53A690C-C3AB-4823-9AD7-522B8BD824E2}"
EndProject
Project("{FAE04EC0-301F-11D3-BF4B-00C04F79EFBC}") = "Servy.Core.UnitTests", "tests\Servy.Core.UnitTests\Servy.Core.UnitTests.csproj", "{BDD8404F-0795-4539-9546-7A7653B1A8F7}"
EndProject
Project("{2150E333-8FDC-42A3-9474-1A3956D46DE8}") = "ui", "ui", "{CD2EE3D9-7E99-4B90-9AF2-21C0DA949C4D}"
EndProject
Project("{2150E333-8FDC-42A3-9474-1A3956D46DE8}") = "core", "core", "{4F427B08-1EF0-492E-9BB9-91DD41B37739}"
EndProject
Project("{2150E333-8FDC-42A3-9474-1A3956D46DE8}") = "service", "service", "{2BAF2195-27CF-4B79-9DD8-6BDC83CA96BB}"
EndProject
Project("{FAE04EC0-301F-11D3-BF4B-00C04F79EFBC}") = "Servy.Restarter.UnitTests", "tests\Servy.Restarter.UnitTests\Servy.Restarter.UnitTests.csproj", "{E529CD09-C8E7-437B-9FC5-F59DAD2AAE45}"
EndProject
Project("{FAE04EC0-301F-11D3-BF4B-00C04F79EFBC}") = "Servy.Service.UnitTests", "tests\Servy.Service.UnitTests\Servy.Service.UnitTests.csproj", "{BBF655E5-653D-4684-A529-0C362812FF37}"
EndProject
Global
	GlobalSection(SolutionConfigurationPlatforms) = preSolution
		Debug|Any CPU = Debug|Any CPU
		Release|Any CPU = Release|Any CPU
	EndGlobalSection
	GlobalSection(ProjectConfigurationPlatforms) = postSolution
		{C41E0E90-CFF6-4DFA-A042-59E4B31198A2}.Debug|Any CPU.ActiveCfg = Debug|Any CPU
		{C41E0E90-CFF6-4DFA-A042-59E4B31198A2}.Debug|Any CPU.Build.0 = Debug|Any CPU
		{C41E0E90-CFF6-4DFA-A042-59E4B31198A2}.Release|Any CPU.ActiveCfg = Release|Any CPU
		{C41E0E90-CFF6-4DFA-A042-59E4B31198A2}.Release|Any CPU.Build.0 = Release|Any CPU
		{4D92FA0D-47BB-4658-91CD-774A25ADEB87}.Debug|Any CPU.ActiveCfg = Debug|Any CPU
		{4D92FA0D-47BB-4658-91CD-774A25ADEB87}.Debug|Any CPU.Build.0 = Debug|Any CPU
		{4D92FA0D-47BB-4658-91CD-774A25ADEB87}.Release|Any CPU.ActiveCfg = Release|Any CPU
		{4D92FA0D-47BB-4658-91CD-774A25ADEB87}.Release|Any CPU.Build.0 = Release|Any CPU
		{62C15840-EA09-4150-84BC-E14F0E703A68}.Debug|Any CPU.ActiveCfg = Debug|Any CPU
		{62C15840-EA09-4150-84BC-E14F0E703A68}.Debug|Any CPU.Build.0 = Debug|Any CPU
		{62C15840-EA09-4150-84BC-E14F0E703A68}.Release|Any CPU.ActiveCfg = Release|Any CPU
		{62C15840-EA09-4150-84BC-E14F0E703A68}.Release|Any CPU.Build.0 = Release|Any CPU
		{94474821-4D14-44DA-85B4-34BA0A77EF8F}.Debug|Any CPU.ActiveCfg = Debug|Any CPU
		{94474821-4D14-44DA-85B4-34BA0A77EF8F}.Debug|Any CPU.Build.0 = Debug|Any CPU
		{94474821-4D14-44DA-85B4-34BA0A77EF8F}.Release|Any CPU.ActiveCfg = Release|Any CPU
		{94474821-4D14-44DA-85B4-34BA0A77EF8F}.Release|Any CPU.Build.0 = Release|Any CPU
		{BDD8404F-0795-4539-9546-7A7653B1A8F7}.Debug|Any CPU.ActiveCfg = Debug|Any CPU
		{BDD8404F-0795-4539-9546-7A7653B1A8F7}.Debug|Any CPU.Build.0 = Debug|Any CPU
		{BDD8404F-0795-4539-9546-7A7653B1A8F7}.Release|Any CPU.ActiveCfg = Release|Any CPU
		{BDD8404F-0795-4539-9546-7A7653B1A8F7}.Release|Any CPU.Build.0 = Release|Any CPU
		{E529CD09-C8E7-437B-9FC5-F59DAD2AAE45}.Debug|Any CPU.ActiveCfg = Debug|Any CPU
		{E529CD09-C8E7-437B-9FC5-F59DAD2AAE45}.Debug|Any CPU.Build.0 = Debug|Any CPU
		{E529CD09-C8E7-437B-9FC5-F59DAD2AAE45}.Release|Any CPU.ActiveCfg = Release|Any CPU
		{E529CD09-C8E7-437B-9FC5-F59DAD2AAE45}.Release|Any CPU.Build.0 = Release|Any CPU
		{BBF655E5-653D-4684-A529-0C362812FF37}.Debug|Any CPU.ActiveCfg = Debug|Any CPU
		{BBF655E5-653D-4684-A529-0C362812FF37}.Debug|Any CPU.Build.0 = Debug|Any CPU
		{BBF655E5-653D-4684-A529-0C362812FF37}.Release|Any CPU.ActiveCfg = Release|Any CPU
		{BBF655E5-653D-4684-A529-0C362812FF37}.Release|Any CPU.Build.0 = Release|Any CPU
	EndGlobalSection
	GlobalSection(SolutionProperties) = preSolution
		HideSolutionNode = FALSE
	EndGlobalSection
	GlobalSection(NestedProjects) = preSolution
		{C41E0E90-CFF6-4DFA-A042-59E4B31198A2} = {2BAF2195-27CF-4B79-9DD8-6BDC83CA96BB}
		{4D92FA0D-47BB-4658-91CD-774A25ADEB87} = {4F427B08-1EF0-492E-9BB9-91DD41B37739}
		{62C15840-EA09-4150-84BC-E14F0E703A68} = {CD2EE3D9-7E99-4B90-9AF2-21C0DA949C4D}
		{F547C573-380C-4BD2-B324-B9572297A027} = {0E71A643-AAB0-4C79-8B8D-B1F531A46F93}
		{94474821-4D14-44DA-85B4-34BA0A77EF8F} = {2BAF2195-27CF-4B79-9DD8-6BDC83CA96BB}
		{BDD8404F-0795-4539-9546-7A7653B1A8F7} = {A53A690C-C3AB-4823-9AD7-522B8BD824E2}
		{CD2EE3D9-7E99-4B90-9AF2-21C0DA949C4D} = {C42DD4B4-CFB7-472A-BA76-77D57CC1CFDE}
		{4F427B08-1EF0-492E-9BB9-91DD41B37739} = {C42DD4B4-CFB7-472A-BA76-77D57CC1CFDE}
		{2BAF2195-27CF-4B79-9DD8-6BDC83CA96BB} = {C42DD4B4-CFB7-472A-BA76-77D57CC1CFDE}
		{E529CD09-C8E7-437B-9FC5-F59DAD2AAE45} = {A53A690C-C3AB-4823-9AD7-522B8BD824E2}
		{BBF655E5-653D-4684-A529-0C362812FF37} = {A53A690C-C3AB-4823-9AD7-522B8BD824E2}
	EndGlobalSection
	GlobalSection(ExtensibilityGlobals) = postSolution
		SolutionGuid = {8901951D-D640-4964-A4ED-D957E840307C}
	EndGlobalSection
EndGlobal
